
Microsoft Visual Studio Solution File, Format Version 12.00
# Visual Studio Version 17
VisualStudioVersion = 17.9.34607.119
MinimumVisualStudioVersion = 10.0.40219.1
Project("{888888A0-9F3D-457C-B088-3A5042F75D52}") = "ListGenerator", "ListGenerator\ListGenerator.pyproj", "{9FB7985C-B9D9-4383-9049-222A5B59C5AC}"
EndProject
Global
	GlobalSection(SolutionConfigurationPlatforms) = preSolution
		Debug|Any CPU = Debug|Any CPU
		Release|Any CPU = Release|Any CPU
	EndGlobalSection
	GlobalSection(ProjectConfigurationPlatforms) = postSolution
		{9FB7985C-B9D9-4383-9049-222A5B59C5AC}.Debug|Any CPU.ActiveCfg = Debug|Any CPU
		{9FB7985C-B9D9-4383-9049-222A5B59C5AC}.Release|Any CPU.ActiveCfg = Release|Any CPU
	EndGlobalSection
	GlobalSection(SolutionProperties) = preSolution
		HideSolutionNode = FALSE
	EndGlobalSection
	GlobalSection(ExtensibilityGlobals) = postSolution
		SolutionGuid = {12E44821-A373-4BFD-8C8F-F9766C44A6AF}
	EndGlobalSection
EndGlobal
